
Microsoft Visual Studio Solution File, Format Version 12.00
# Visual Studio 15
VisualStudioVersion = 15.0.28010.2003
MinimumVisualStudioVersion = 10.0.40219.1
Project("{FAE04EC0-301F-11D3-BF4B-00C04F79EFBC}") = "CircleInSquareApplication", "CircleInSquareApplication\CircleInSquareApplication.csproj", "{9C08E20E-4F77-4789-A03F-825E1C517EA6}"
EndProject
Global
	GlobalSection(SolutionConfigurationPlatforms) = preSolution
		Debug|Any CPU = Debug|Any CPU
		Release|Any CPU = Release|Any CPU
	EndGlobalSection
	GlobalSection(ProjectConfigurationPlatforms) = postSolution
		{9C08E20E-4F77-4789-A03F-825E1C517EA6}.Debug|Any CPU.ActiveCfg = Debug|Any CPU
		{9C08E20E-4F77-4789-A03F-825E1C517EA6}.Debug|Any CPU.Build.0 = Debug|Any CPU
		{9C08E20E-4F77-4789-A03F-825E1C517EA6}.Release|Any CPU.ActiveCfg = Release|Any CPU
		{9C08E20E-4F77-4789-A03F-825E1C517EA6}.Release|Any CPU.Build.0 = Release|Any CPU
	EndGlobalSection
	GlobalSection(SolutionProperties) = preSolution
		HideSolutionNode = FALSE
	EndGlobalSection
	GlobalSection(ExtensibilityGlobals) = postSolution
		SolutionGuid = {C7D908D8-9556-4708-8FA9-84A51E3C40B1}
	EndGlobalSection
EndGlobal
